<?xml version="1.0" encoding="utf-8"?>
<Project ToolsVersion="4.0" xmlns="http://schemas.microsoft.com/developer/msbuild/2003">
  <ItemGroup>
    <Filter Include="Source Files">
      <UniqueIdentifier>{4FC737F1-C7A5-4376-A066-2A32D752A2FF}</UniqueIdentifier>
      <Extensions>cpp;c;cc;cxx;def;odl;idl;hpj;bat;asm;asmx</Extensions>
    </Filter>
    <Filter Include="Header Files">
      <UniqueIdentifier>{93995380-89BD-4b04-88EB-625FBE52EBFB}</UniqueIdentifier>
      <Extensions>h;hh;hpp;hxx;hm;inl;inc;xsd</Extensions>
    </Filter>
    <Filter Include="Header Files\States">
      <UniqueIdentifier>{43a9a536-e27c-4336-8d46-1da926d58f2e}</UniqueIdentifier>
    </Filter>
    <Filter Include="Source Files\GameEntities">
      <UniqueIdentifier>{7e3cf5d0-3059-4e52-a2fe-02c11a91e996}</UniqueIdentifier>
    </Filter>
    <Filter Include="Header Files\GameEntities">
      <UniqueIdentifier>{d2b5fb81-96b6-4099-9e27-3bffac28242c}</UniqueIdentifier>
    </Filter>
    <Filter Include="Source Files\States">
      <UniqueIdentifier>{6469432c-2a1e-411f-a745-f6b8fe556dad}</UniqueIdentifier>
    </Filter>
    <Filter Include="Header Files\Mat Buckland">
      <UniqueIdentifier>{b9268860-719c-410f-a846-7853bf2963a0}</UniqueIdentifier>
    </Filter>
    <Filter Include="Source Files\Mat Buckland">
      <UniqueIdentifier>{0aa89d29-00a1-419b-891d-13c345e6e714}</UniqueIdentifier>
    </Filter>
    <Filter Include="Source Files\States\Rabbit States">
      <UniqueIdentifier>{9e8c03cf-a7d6-4ede-8a21-0b8ded88b178}</UniqueIdentifier>
    </Filter>
    <Filter Include="Source Files\States\Cow States">
      <UniqueIdentifier>{0292d181-e6a5-489e-af08-b33b38138197}</UniqueIdentifier>
    </Filter>
    <Filter Include="Header Files\States\Cow States">
      <UniqueIdentifier>{a6f12f23-6f64-4967-941b-083c54569c7d}</UniqueIdentifier>
    </Filter>
    <Filter Include="Header Files\States\Rabbit States">
      <UniqueIdentifier>{2df5b398-c0f9-45a0-a355-8c45cf022019}</UniqueIdentifier>
    </Filter>
  </ItemGroup>
  <ItemGroup>
    <ClCompile Include="Main.cpp">
      <Filter>Source Files</Filter>
    </ClCompile>
    <ClCompile Include="FWApplication.cpp">
      <Filter>Source Files</Filter>
    </ClCompile>
    <ClCompile Include="Node.cpp">
      <Filter>Source Files</Filter>
    </ClCompile>
    <ClCompile Include="Edge.cpp">
      <Filter>Source Files</Filter>
    </ClCompile>
    <ClCompile Include="AStar.cpp">
      <Filter>Source Files</Filter>
    </ClCompile>
    <ClCompile Include="Graph.cpp">
      <Filter>Source Files</Filter>
    </ClCompile>
    <ClCompile Include="Dashboard.cpp">
      <Filter>Source Files</Filter>
    </ClCompile>
    <ClCompile Include="BaseGameEntity.cpp">
      <Filter>Source Files\GameEntities</Filter>
    </ClCompile>
    <ClCompile Include="Cow.cpp">
      <Filter>Source Files\GameEntities</Filter>
    </ClCompile>
    <ClCompile Include="Rabbit.cpp">
      <Filter>Source Files\GameEntities</Filter>
    </ClCompile>
    <ClCompile Include="Pill.cpp">
      <Filter>Source Files\GameEntities</Filter>
    </ClCompile>
    <ClCompile Include="Weapon.cpp">
      <Filter>Source Files\GameEntities</Filter>
    </ClCompile>
    <ClCompile Include="ProbabilityDistribution.cpp">
      <Filter>Source Files</Filter>
    </ClCompile>
    <ClCompile Include="Arena.cpp">
      <Filter>Source Files</Filter>
    </ClCompile>
    <ClCompile Include="Vehicle.cpp">
      <Filter>Source Files</Filter>
    </ClCompile>
    <ClCompile Include="Cgdi.cpp">
      <Filter>Source Files\Mat Buckland</Filter>
    </ClCompile>
    <ClCompile Include="iniFileLoaderBase.cpp">
      <Filter>Source Files\Mat Buckland</Filter>
    </ClCompile>
    <ClCompile Include="ParamLoader.cpp">
      <Filter>Source Files\Mat Buckland</Filter>
    </ClCompile>
    <ClCompile Include="SteeringBehaviors.cpp">
      <Filter>Source Files\Mat Buckland</Filter>
    </ClCompile>
    <ClCompile Include="Vector2d.cpp">
      <Filter>Source Files\Mat Buckland</Filter>
    </ClCompile>
    <ClCompile Include="Path.cpp">
      <Filter>Source Files\Mat Buckland</Filter>
    </ClCompile>
    <ClCompile Include="Parameters.cpp">
      <Filter>Source Files</Filter>
    </ClCompile>
    <ClCompile Include="InstanceOfGameEntities.cpp">
      <Filter>Source Files</Filter>
    </ClCompile>
    <ClCompile Include="CowChaseRabbitState.cpp">
      <Filter>Source Files\States\Cow States</Filter>
    </ClCompile>
    <ClCompile Include="CowPursuitState.cpp">
      <Filter>Source Files\States\Cow States</Filter>
    </ClCompile>
    <ClCompile Include="CowSleepingState.cpp">
      <Filter>Source Files\States\Cow States</Filter>
    </ClCompile>
    <ClCompile Include="CowFleeingState.cpp">
      <Filter>Source Files\States\Cow States</Filter>
    </ClCompile>
    <ClCompile Include="RabbitWanderingState.cpp">
      <Filter>Source Files\States\Rabbit States</Filter>
    </ClCompile>
    <ClCompile Include="RabbitFleeingState.cpp">
      <Filter>Source Files\States\Rabbit States</Filter>
    </ClCompile>
    <ClCompile Include="RabbitPursuitState.cpp">
      <Filter>Source Files\States\Rabbit States</Filter>
    </ClCompile>
    <ClCompile Include="RabbitSearchForPillState.cpp">
      <Filter>Source Files\States\Rabbit States</Filter>
    </ClCompile>
    <ClCompile Include="RabbitSearchForWeaponState.cpp">
      <Filter>Source Files\States\Rabbit States</Filter>
    </ClCompile>
    <ClCompile Include="CowWanderingState.cpp">
      <Filter>Source Files\States\Cow States</Filter>
    </ClCompile>
    <ClCompile Include="CowGlobalState.cpp">
      <Filter>Source Files\States\Cow States</Filter>
    </ClCompile>
    <ClCompile Include="RabbitGlobalState.cpp">
      <Filter>Source Files\States\Rabbit States</Filter>
    </ClCompile>
    <ClCompile Include="MovingEntity.cpp">
      <Filter>Source Files\GameEntities</Filter>
    </ClCompile>
    <ClCompile Include="CowHidingState.cpp">
      <Filter>Source Files\States\Cow States</Filter>
    </ClCompile>
    <ClCompile Include="CowFleeAndSearchPillState.cpp">
      <Filter>Source Files\States\Cow States</Filter>
    </ClCompile>
    <ClCompile Include="CowFleeAndSearchWeaponState.cpp">
      <Filter>Source Files\States\Cow States</Filter>
    </ClCompile>
  </ItemGroup>
  <ItemGroup>
    <None Include="SDL2.dll" />
    <None Include="params.ini">
      <Filter>Header Files\Mat Buckland</Filter>
    </None>
  </ItemGroup>
  <ItemGroup>
    <ClInclude Include="Config.h">
      <Filter>Header Files</Filter>
    </ClInclude>
    <ClInclude Include="FWApplication.h">
      <Filter>Header Files</Filter>
    </ClInclude>
    <ClInclude Include="Node.h">
      <Filter>Header Files</Filter>
    </ClInclude>
    <ClInclude Include="Edge.h">
      <Filter>Header Files</Filter>
    </ClInclude>
    <ClInclude Include="AStar.h">
      <Filter>Header Files</Filter>
    </ClInclude>
    <ClInclude Include="Graph.h">
      <Filter>Header Files</Filter>
    </ClInclude>
    <ClInclude Include="StateMachine.h">
      <Filter>Source Files\States</Filter>
    </ClInclude>
    <ClInclude Include="Dashboard.h">
      <Filter>Header Files</Filter>
    </ClInclude>
    <ClInclude Include="IGameObject.h">
      <Filter>Header Files\GameEntities</Filter>
    </ClInclude>
    <ClInclude Include="BaseGameEntity.h">
      <Filter>Header Files\GameEntities</Filter>
    </ClInclude>
    <ClInclude Include="Cow.h">
      <Filter>Header Files\GameEntities</Filter>
    </ClInclude>
    <ClInclude Include="Rabbit.h">
      <Filter>Header Files\GameEntities</Filter>
    </ClInclude>
    <ClInclude Include="Pill.h">
      <Filter>Header Files\GameEntities</Filter>
    </ClInclude>
    <ClInclude Include="Weapon.h">
      <Filter>Header Files\GameEntities</Filter>
    </ClInclude>
    <ClInclude Include="ProbabilityDistribution.h">
      <Filter>Header Files</Filter>
    </ClInclude>
    <ClInclude Include="Arena.h">
      <Filter>Header Files</Filter>
    </ClInclude>
    <ClInclude Include="MovingEntity.h">
      <Filter>Header Files</Filter>
    </ClInclude>
    <ClInclude Include="Vehicle.h">
      <Filter>Header Files</Filter>
    </ClInclude>
    <ClInclude Include="C2DMatrix.h">
      <Filter>Header Files\Mat Buckland</Filter>
    </ClInclude>
    <ClInclude Include="CellSpacePartition.h">
      <Filter>Header Files\Mat Buckland</Filter>
    </ClInclude>
    <ClInclude Include="Cgdi.h">
      <Filter>Header Files\Mat Buckland</Filter>
    </ClInclude>
    <ClInclude Include="constants.h">
      <Filter>Header Files\Mat Buckland</Filter>
    </ClInclude>
    <ClInclude Include="iniFileLoaderBase.h">
      <Filter>Header Files\Mat Buckland</Filter>
    </ClInclude>
    <ClInclude Include="InvertedAABBox2D.h">
      <Filter>Header Files\Mat Buckland</Filter>
    </ClInclude>
    <ClInclude Include="geometry.h">
      <Filter>Header Files\Mat Buckland</Filter>
    </ClInclude>
    <ClInclude Include="EntityFunctionTemplates.h">
      <Filter>Header Files\Mat Buckland</Filter>
    </ClInclude>
    <ClInclude Include="ParamLoader.h">
      <Filter>Header Files\Mat Buckland</Filter>
    </ClInclude>
    <ClInclude Include="Path.h">
      <Filter>Header Files\Mat Buckland</Filter>
    </ClInclude>
    <ClInclude Include="Transformations.h">
      <Filter>Header Files\Mat Buckland</Filter>
    </ClInclude>
    <ClInclude Include="utils.h">
      <Filter>Header Files\Mat Buckland</Filter>
    </ClInclude>
    <ClInclude Include="Stream_Utility_Functions.h">
      <Filter>Header Files\Mat Buckland</Filter>
    </ClInclude>
    <ClInclude Include="Vector2D.h">
      <Filter>Header Files\Mat Buckland</Filter>
    </ClInclude>
    <ClInclude Include="Wall2D.h">
      <Filter>Header Files\Mat Buckland</Filter>
    </ClInclude>
    <ClInclude Include="State.h">
      <Filter>Header Files\States</Filter>
    </ClInclude>
    <ClInclude Include="SteeringBehaviors.h">
      <Filter>Header Files\Mat Buckland</Filter>
    </ClInclude>
    <ClInclude Include="Smoother.h">
      <Filter>Header Files\Mat Buckland</Filter>
    </ClInclude>
    <ClInclude Include="Parameters.h">
      <Filter>Header Files</Filter>
    </ClInclude>
    <ClInclude Include="InstanceOfGameEntities.h">
      <Filter>Header Files</Filter>
    </ClInclude>
    <ClInclude Include="CowChaseRabbitState.h">
      <Filter>Header Files\States\Cow States</Filter>
    </ClInclude>
    <ClInclude Include="CowFleeingState.h">
      <Filter>Header Files\States\Cow States</Filter>
    </ClInclude>
    <ClInclude Include="CowPursuitState.h">
      <Filter>Header Files\States\Cow States</Filter>
    </ClInclude>
    <ClInclude Include="CowSleepingState.h">
      <Filter>Header Files\States\Cow States</Filter>
    </ClInclude>
    <ClInclude Include="RabbitFleeingState.h">
      <Filter>Header Files\States\Rabbit States</Filter>
    </ClInclude>
    <ClInclude Include="RabbitPursuitState.h">
      <Filter>Header Files\States\Rabbit States</Filter>
    </ClInclude>
    <ClInclude Include="RabbitSearchForPillState.h">
      <Filter>Header Files\States\Rabbit States</Filter>
    </ClInclude>
    <ClInclude Include="RabbitSearchForWeaponState.h">
      <Filter>Header Files\States\Rabbit States</Filter>
    </ClInclude>
    <ClInclude Include="RabbitWanderingState.h">
      <Filter>Header Files\States\Rabbit States</Filter>
    </ClInclude>
    <ClInclude Include="CowWanderingState.h">
      <Filter>Header Files\States\Cow States</Filter>
    </ClInclude>
    <ClInclude Include="CowGlobalState.h">
      <Filter>Header Files\States\Cow States</Filter>
    </ClInclude>
    <ClInclude Include="CowHidingState.h">
      <Filter>Header Files\States\Cow States</Filter>
    </ClInclude>
    <ClInclude Include="RabbitGlobalState.h">
      <Filter>Header Files\States\Rabbit States</Filter>
    </ClInclude>
    <ClInclude Include="CowFleeAndSearchPillState.h">
      <Filter>Header Files\States\Cow States</Filter>
    </ClInclude>
    <ClInclude Include="CowFleeAndSearchWeaponState.h">
      <Filter>Header Files\States\Cow States</Filter>
    </ClInclude>
  </ItemGroup>
  <ItemGroup>
    <Text Include="AndrewTodoList.txt">
      <Filter>Source Files</Filter>
    </Text>
  </ItemGroup>
</Project>